
Microsoft Visual Studio Solution File, Format Version 12.00
# Visual Studio Version 16
VisualStudioVersion = 16.0.32413.511
MinimumVisualStudioVersion = 10.0.40219.1
Project("{FAE04EC0-301F-11D3-BF4B-00C04F79EFBC}") = "quizapp", "quizapp.csproj", "{27231FCC-6A60-4584-A4B4-EA4D0B14F00A}"
EndProject
Global
	GlobalSection(SolutionConfigurationPlatforms) = preSolution
		Debug|Any CPU = Debug|Any CPU
		Release|Any CPU = Release|Any CPU
	EndGlobalSection
	GlobalSection(ProjectConfigurationPlatforms) = postSolution
		{27231FCC-6A60-4584-A4B4-EA4D0B14F00A}.Debug|Any CPU.ActiveCfg = Debug|Any CPU
		{27231FCC-6A60-4584-A4B4-EA4D0B14F00A}.Debug|Any CPU.Build.0 = Debug|Any CPU
		{27231FCC-6A60-4584-A4B4-EA4D0B14F00A}.Release|Any CPU.ActiveCfg = Release|Any CPU
		{27231FCC-6A60-4584-A4B4-EA4D0B14F00A}.Release|Any CPU.Build.0 = Release|Any CPU
	EndGlobalSection
	GlobalSection(SolutionProperties) = preSolution
		HideSolutionNode = FALSE
	EndGlobalSection
	GlobalSection(ExtensibilityGlobals) = postSolution
		SolutionGuid = {5171B6BD-0850-4303-94DE-9123C88A4C47}
	EndGlobalSection
EndGlobal
